# This file is generated by running "yarn install" inside your project.
# Manual changes might be lost - proceed with caution!

__metadata:
  version: 4

"@n04h/yarn-workspaces-fuga@workspace:packages/fuga":
  version: 0.0.0-use.local
  resolution: "@n04h/yarn-workspaces-fuga@workspace:packages/fuga"
  languageName: unknown
  linkType: soft

"@n04h/yarn-workspaces-hoge@workspace:packages/hoge":
  version: 0.0.0-use.local
  resolution: "@n04h/yarn-workspaces-hoge@workspace:packages/hoge"
  languageName: unknown
  linkType: soft

"@n04h/yarn-workspaces@workspace:.":
  version: 0.0.0-use.local
  resolution: "@n04h/yarn-workspaces@workspace:."
  languageName: unknown
  linkType: soft
